
Microsoft Visual Studio Solution File, Format Version 12.00
# Visual Studio 15
VisualStudioVersion = 15.0.28307.421
MinimumVisualStudioVersion = 10.0.40219.1
Project("{FAE04EC0-301F-11D3-BF4B-00C04F79EFBC}") = "Katan", "Katan\Katan.csproj", "{FF9943AF-E297-4236-89D2-3BFDF0BDAE96}"
EndProject
Project("{FAE04EC0-301F-11D3-BF4B-00C04F79EFBC}") = "Katan.Core", "Katan.Core\Katan.Core.csproj", "{74A9871D-ABF2-4E3E-ACA2-5BAD9F88BA79}"
EndProject
Project("{FAE04EC0-301F-11D3-BF4B-00C04F79EFBC}") = "Katan.TestConsole", "Katan.TestConsole\Katan.TestConsole.csproj", "{074326B8-C024-4982-90F9-DF327C0CB58E}"
EndProject
Global
	GlobalSection(SolutionConfigurationPlatforms) = preSolution
		Debug|Any CPU = Debug|Any CPU
		Release|Any CPU = Release|Any CPU
	EndGlobalSection
	GlobalSection(ProjectConfigurationPlatforms) = postSolution
		{FF9943AF-E297-4236-89D2-3BFDF0BDAE96}.Debug|Any CPU.ActiveCfg = Debug|Any CPU
		{FF9943AF-E297-4236-89D2-3BFDF0BDAE96}.Debug|Any CPU.Build.0 = Debug|Any CPU
		{FF9943AF-E297-4236-89D2-3BFDF0BDAE96}.Release|Any CPU.ActiveCfg = Release|Any CPU
		{FF9943AF-E297-4236-89D2-3BFDF0BDAE96}.Release|Any CPU.Build.0 = Release|Any CPU
		{74A9871D-ABF2-4E3E-ACA2-5BAD9F88BA79}.Debug|Any CPU.ActiveCfg = Debug|Any CPU
		{74A9871D-ABF2-4E3E-ACA2-5BAD9F88BA79}.Debug|Any CPU.Build.0 = Debug|Any CPU
		{74A9871D-ABF2-4E3E-ACA2-5BAD9F88BA79}.Release|Any CPU.ActiveCfg = Release|Any CPU
		{74A9871D-ABF2-4E3E-ACA2-5BAD9F88BA79}.Release|Any CPU.Build.0 = Release|Any CPU
		{074326B8-C024-4982-90F9-DF327C0CB58E}.Debug|Any CPU.ActiveCfg = Debug|Any CPU
		{074326B8-C024-4982-90F9-DF327C0CB58E}.Debug|Any CPU.Build.0 = Debug|Any CPU
		{074326B8-C024-4982-90F9-DF327C0CB58E}.Release|Any CPU.ActiveCfg = Release|Any CPU
		{074326B8-C024-4982-90F9-DF327C0CB58E}.Release|Any CPU.Build.0 = Release|Any CPU
	EndGlobalSection
	GlobalSection(SolutionProperties) = preSolution
		HideSolutionNode = FALSE
	EndGlobalSection
	GlobalSection(ExtensibilityGlobals) = postSolution
		SolutionGuid = {3888A48C-602A-4DBF-B16F-31C41EACE952}
	EndGlobalSection
EndGlobal
